
Microsoft Visual Studio Solution File, Format Version 12.00
# Visual Studio Version 16
VisualStudioVersion = 16.0.30204.135
MinimumVisualStudioVersion = 10.0.40219.1
Project("{FAE04EC0-301F-11D3-BF4B-00C04F79EFBC}") = "WinFormApp", "WinFormApp.csproj", "{FF059E5E-E228-4716-ADC0-8F58FC91BF85}"
EndProject
Project("{FAE04EC0-301F-11D3-BF4B-00C04F79EFBC}") = "ClockApp", "..\ClockApp\ClockApp.csproj", "{60F454C7-8586-46C0-AAAC-278B633FED19}"
EndProject
Project("{FAE04EC0-301F-11D3-BF4B-00C04F79EFBC}") = "MyBtn", "..\MyBtn\MyBtn.csproj", "{0CF4B070-3092-4951-8162-10AD4EC90542}"
EndProject
Project("{FAE04EC0-301F-11D3-BF4B-00C04F79EFBC}") = "CheckBoxTestApp", "..\CheckBoxTestApp\CheckBoxTestApp.csproj", "{CA4A23F6-6E8C-4D53-8B6F-6BE2EC3CE155}"
EndProject
Project("{FAE04EC0-301F-11D3-BF4B-00C04F79EFBC}") = "RadioButtonTestApp", "..\RadioButtonTestApp\RadioButtonTestApp.csproj", "{DBA4F383-CCF2-4606-BA10-02C47F7B1947}"
EndProject
Project("{FAE04EC0-301F-11D3-BF4B-00C04F79EFBC}") = "LoginApp", "..\LoginApp\LoginApp.csproj", "{774B8EED-77C7-4E5F-BFF4-08B3A28A3E0D}"
EndProject
Project("{FAE04EC0-301F-11D3-BF4B-00C04F79EFBC}") = "ListTestApp", "..\ListTestApp\ListTestApp.csproj", "{770B40F2-E251-4C0A-93DF-CB3B87E3987D}"
EndProject
Project("{FAE04EC0-301F-11D3-BF4B-00C04F79EFBC}") = "CheckListBoxApp", "..\CheckListBoxApp\CheckListBoxApp.csproj", "{48763A1E-D712-4759-8906-89FC315E302C}"
EndProject
Project("{FAE04EC0-301F-11D3-BF4B-00C04F79EFBC}") = "ModalDigApp", "..\ModalDigApp\ModalDigApp.csproj", "{F4207619-D964-4EEB-A980-1D426F20C656}"
EndProject
Project("{FAE04EC0-301F-11D3-BF4B-00C04F79EFBC}") = "OpenFileDlgApp", "..\OpenFileDlgApp\OpenFileDlgApp.csproj", "{A0D32A6A-CBCB-4195-B23A-EA9BB4324C6E}"
EndProject
Project("{FAE04EC0-301F-11D3-BF4B-00C04F79EFBC}") = "MainMenuApp", "..\MainMenuApp\MainMenuApp.csproj", "{2D6E1B77-7D64-4555-9C45-1CF1A3F21204}"
EndProject
Global
	GlobalSection(SolutionConfigurationPlatforms) = preSolution
		Debug|Any CPU = Debug|Any CPU
		Release|Any CPU = Release|Any CPU
	EndGlobalSection
	GlobalSection(ProjectConfigurationPlatforms) = postSolution
		{FF059E5E-E228-4716-ADC0-8F58FC91BF85}.Debug|Any CPU.ActiveCfg = Debug|Any CPU
		{FF059E5E-E228-4716-ADC0-8F58FC91BF85}.Debug|Any CPU.Build.0 = Debug|Any CPU
		{FF059E5E-E228-4716-ADC0-8F58FC91BF85}.Release|Any CPU.ActiveCfg = Release|Any CPU
		{FF059E5E-E228-4716-ADC0-8F58FC91BF85}.Release|Any CPU.Build.0 = Release|Any CPU
		{60F454C7-8586-46C0-AAAC-278B633FED19}.Debug|Any CPU.ActiveCfg = Debug|Any CPU
		{60F454C7-8586-46C0-AAAC-278B633FED19}.Debug|Any CPU.Build.0 = Debug|Any CPU
		{60F454C7-8586-46C0-AAAC-278B633FED19}.Release|Any CPU.ActiveCfg = Release|Any CPU
		{60F454C7-8586-46C0-AAAC-278B633FED19}.Release|Any CPU.Build.0 = Release|Any CPU
		{0CF4B070-3092-4951-8162-10AD4EC90542}.Debug|Any CPU.ActiveCfg = Debug|Any CPU
		{0CF4B070-3092-4951-8162-10AD4EC90542}.Debug|Any CPU.Build.0 = Debug|Any CPU
		{0CF4B070-3092-4951-8162-10AD4EC90542}.Release|Any CPU.ActiveCfg = Release|Any CPU
		{0CF4B070-3092-4951-8162-10AD4EC90542}.Release|Any CPU.Build.0 = Release|Any CPU
		{CA4A23F6-6E8C-4D53-8B6F-6BE2EC3CE155}.Debug|Any CPU.ActiveCfg = Debug|Any CPU
		{CA4A23F6-6E8C-4D53-8B6F-6BE2EC3CE155}.Debug|Any CPU.Build.0 = Debug|Any CPU
		{CA4A23F6-6E8C-4D53-8B6F-6BE2EC3CE155}.Release|Any CPU.ActiveCfg = Release|Any CPU
		{CA4A23F6-6E8C-4D53-8B6F-6BE2EC3CE155}.Release|Any CPU.Build.0 = Release|Any CPU
		{DBA4F383-CCF2-4606-BA10-02C47F7B1947}.Debug|Any CPU.ActiveCfg = Debug|Any CPU
		{DBA4F383-CCF2-4606-BA10-02C47F7B1947}.Debug|Any CPU.Build.0 = Debug|Any CPU
		{DBA4F383-CCF2-4606-BA10-02C47F7B1947}.Release|Any CPU.ActiveCfg = Release|Any CPU
		{DBA4F383-CCF2-4606-BA10-02C47F7B1947}.Release|Any CPU.Build.0 = Release|Any CPU
		{774B8EED-77C7-4E5F-BFF4-08B3A28A3E0D}.Debug|Any CPU.ActiveCfg = Debug|Any CPU
		{774B8EED-77C7-4E5F-BFF4-08B3A28A3E0D}.Debug|Any CPU.Build.0 = Debug|Any CPU
		{774B8EED-77C7-4E5F-BFF4-08B3A28A3E0D}.Release|Any CPU.ActiveCfg = Release|Any CPU
		{774B8EED-77C7-4E5F-BFF4-08B3A28A3E0D}.Release|Any CPU.Build.0 = Release|Any CPU
		{770B40F2-E251-4C0A-93DF-CB3B87E3987D}.Debug|Any CPU.ActiveCfg = Debug|Any CPU
		{770B40F2-E251-4C0A-93DF-CB3B87E3987D}.Debug|Any CPU.Build.0 = Debug|Any CPU
		{770B40F2-E251-4C0A-93DF-CB3B87E3987D}.Release|Any CPU.ActiveCfg = Release|Any CPU
		{770B40F2-E251-4C0A-93DF-CB3B87E3987D}.Release|Any CPU.Build.0 = Release|Any CPU
		{48763A1E-D712-4759-8906-89FC315E302C}.Debug|Any CPU.ActiveCfg = Debug|Any CPU
		{48763A1E-D712-4759-8906-89FC315E302C}.Debug|Any CPU.Build.0 = Debug|Any CPU
		{48763A1E-D712-4759-8906-89FC315E302C}.Release|Any CPU.ActiveCfg = Release|Any CPU
		{48763A1E-D712-4759-8906-89FC315E302C}.Release|Any CPU.Build.0 = Release|Any CPU
		{F4207619-D964-4EEB-A980-1D426F20C656}.Debug|Any CPU.ActiveCfg = Debug|Any CPU
		{F4207619-D964-4EEB-A980-1D426F20C656}.Debug|Any CPU.Build.0 = Debug|Any CPU
		{F4207619-D964-4EEB-A980-1D426F20C656}.Release|Any CPU.ActiveCfg = Release|Any CPU
		{F4207619-D964-4EEB-A980-1D426F20C656}.Release|Any CPU.Build.0 = Release|Any CPU
		{A0D32A6A-CBCB-4195-B23A-EA9BB4324C6E}.Debug|Any CPU.ActiveCfg = Debug|Any CPU
		{A0D32A6A-CBCB-4195-B23A-EA9BB4324C6E}.Debug|Any CPU.Build.0 = Debug|Any CPU
		{A0D32A6A-CBCB-4195-B23A-EA9BB4324C6E}.Release|Any CPU.ActiveCfg = Release|Any CPU
		{A0D32A6A-CBCB-4195-B23A-EA9BB4324C6E}.Release|Any CPU.Build.0 = Release|Any CPU
		{2D6E1B77-7D64-4555-9C45-1CF1A3F21204}.Debug|Any CPU.ActiveCfg = Debug|Any CPU
		{2D6E1B77-7D64-4555-9C45-1CF1A3F21204}.Debug|Any CPU.Build.0 = Debug|Any CPU
		{2D6E1B77-7D64-4555-9C45-1CF1A3F21204}.Release|Any CPU.ActiveCfg = Release|Any CPU
		{2D6E1B77-7D64-4555-9C45-1CF1A3F21204}.Release|Any CPU.Build.0 = Release|Any CPU
	EndGlobalSection
	GlobalSection(SolutionProperties) = preSolution
		HideSolutionNode = FALSE
	EndGlobalSection
	GlobalSection(ExtensibilityGlobals) = postSolution
		SolutionGuid = {1C1AAB8F-17F4-4B44-92DA-F9C188FF7404}
	EndGlobalSection
EndGlobal
