
Microsoft Visual Studio Solution File, Format Version 12.00
# Visual Studio Version 16
VisualStudioVersion = 16.0.30204.135
MinimumVisualStudioVersion = 10.0.40219.1
Project("{FAE04EC0-301F-11D3-BF4B-00C04F79EFBC}") = "ExceptionTestApp", "ExceptionTestApp.csproj", "{29C7BCE3-09E2-4A5D-B518-6D2A9BB246E2}"
EndProject
Global
	GlobalSection(SolutionConfigurationPlatforms) = preSolution
		Debug|Any CPU = Debug|Any CPU
		Release|Any CPU = Release|Any CPU
	EndGlobalSection
	GlobalSection(ProjectConfigurationPlatforms) = postSolution
		{29C7BCE3-09E2-4A5D-B518-6D2A9BB246E2}.Debug|Any CPU.ActiveCfg = Debug|Any CPU
		{29C7BCE3-09E2-4A5D-B518-6D2A9BB246E2}.Debug|Any CPU.Build.0 = Debug|Any CPU
		{29C7BCE3-09E2-4A5D-B518-6D2A9BB246E2}.Release|Any CPU.ActiveCfg = Release|Any CPU
		{29C7BCE3-09E2-4A5D-B518-6D2A9BB246E2}.Release|Any CPU.Build.0 = Release|Any CPU
	EndGlobalSection
	GlobalSection(SolutionProperties) = preSolution
		HideSolutionNode = FALSE
	EndGlobalSection
	GlobalSection(ExtensibilityGlobals) = postSolution
		SolutionGuid = {04EEAD90-92AC-43DF-AD93-E77E9347B4C0}
	EndGlobalSection
EndGlobal
