
Microsoft Visual Studio Solution File, Format Version 12.00
# Visual Studio Version 16
VisualStudioVersion = 16.0.30204.135
MinimumVisualStudioVersion = 10.0.40219.1
Project("{FAE04EC0-301F-11D3-BF4B-00C04F79EFBC}") = "GenericApp", "GenericApp\GenericApp.csproj", "{7DDCA65A-6064-4897-99D6-63C51357BDFF}"
EndProject
Global
	GlobalSection(SolutionConfigurationPlatforms) = preSolution
		Debug|Any CPU = Debug|Any CPU
		Release|Any CPU = Release|Any CPU
	EndGlobalSection
	GlobalSection(ProjectConfigurationPlatforms) = postSolution
		{7DDCA65A-6064-4897-99D6-63C51357BDFF}.Debug|Any CPU.ActiveCfg = Debug|Any CPU
		{7DDCA65A-6064-4897-99D6-63C51357BDFF}.Debug|Any CPU.Build.0 = Debug|Any CPU
		{7DDCA65A-6064-4897-99D6-63C51357BDFF}.Release|Any CPU.ActiveCfg = Release|Any CPU
		{7DDCA65A-6064-4897-99D6-63C51357BDFF}.Release|Any CPU.Build.0 = Release|Any CPU
	EndGlobalSection
	GlobalSection(SolutionProperties) = preSolution
		HideSolutionNode = FALSE
	EndGlobalSection
	GlobalSection(ExtensibilityGlobals) = postSolution
		SolutionGuid = {265F9F4F-9B33-4DD0-9906-180A06CA8842}
	EndGlobalSection
EndGlobal
